
Microsoft Visual Studio Solution File, Format Version 12.00
# Visual Studio Version 17
VisualStudioVersion = 17.3.32901.215
MinimumVisualStudioVersion = 10.0.40219.1
Project("{9A19103F-16F7-4668-BE54-9A1E7A4F7556}") = "FileSystem", "FileSystem\FileSystem.csproj", "{9E9A80CA-0F89-4EFB-B13D-83A383287F2C}"
EndProject
Global
	GlobalSection(SolutionConfigurationPlatforms) = preSolution
		Debug|Any CPU = Debug|Any CPU
		Release|Any CPU = Release|Any CPU
	EndGlobalSection
	GlobalSection(ProjectConfigurationPlatforms) = postSolution
		{9E9A80CA-0F89-4EFB-B13D-83A383287F2C}.Debug|Any CPU.ActiveCfg = Debug|Any CPU
		{9E9A80CA-0F89-4EFB-B13D-83A383287F2C}.Debug|Any CPU.Build.0 = Debug|Any CPU
		{9E9A80CA-0F89-4EFB-B13D-83A383287F2C}.Release|Any CPU.ActiveCfg = Release|Any CPU
		{9E9A80CA-0F89-4EFB-B13D-83A383287F2C}.Release|Any CPU.Build.0 = Release|Any CPU
	EndGlobalSection
	GlobalSection(SolutionProperties) = preSolution
		HideSolutionNode = FALSE
	EndGlobalSection
	GlobalSection(ExtensibilityGlobals) = postSolution
		SolutionGuid = {3085BCA9-4534-4076-AC5D-F6CDA0E02197}
	EndGlobalSection
EndGlobal
